// !$*UTF8*$!
{
	archiveVersion = 1;
	classes = {
	};
	objectVersion = 50;
	objects = {

/* Begin PBXBuildFile section */
		8F2F551D235A493200D4A97E /* AppDelegate.swift in Sources */ = {isa = PBXBuildFile; fileRef = 8F2F551C235A493200D4A97E /* AppDelegate.swift */; };
		8F2F551F235A493200D4A97E /* SceneDelegate.swift in Sources */ = {isa = PBXBuildFile; fileRef = 8F2F551E235A493200D4A97E /* SceneDelegate.swift */; };
		8F2F5521235A493200D4A97E /* CategoriesVC.swift in Sources */ = {isa = PBXBuildFile; fileRef = 8F2F5520235A493200D4A97E /* CategoriesVC.swift */; };
		8F2F5524235A493200D4A97E /* Main.storyboard in Resources */ = {isa = PBXBuildFile; fileRef = 8F2F5522235A493200D4A97E /* Main.storyboard */; };
		8F2F5526235A493500D4A97E /* Assets.xcassets in Resources */ = {isa = PBXBuildFile; fileRef = 8F2F5525235A493500D4A97E /* Assets.xcassets */; };
		8F2F5529235A493500D4A97E /* LaunchScreen.storyboard in Resources */ = {isa = PBXBuildFile; fileRef = 8F2F5527235A493500D4A97E /* LaunchScreen.storyboard */; };
		8F2F5536235A664700D4A97E /* CategoryCell.swift in Sources */ = {isa = PBXBuildFile; fileRef = 8F2F5535235A664700D4A97E /* CategoryCell.swift */; };
		8F2F5538235A6DB900D4A97E /* Category.swift in Sources */ = {isa = PBXBuildFile; fileRef = 8F2F5537235A6DB900D4A97E /* Category.swift */; };
		8F2F553B235A72FB00D4A97E /* DataService.swift in Sources */ = {isa = PBXBuildFile; fileRef = 8F2F553A235A72FB00D4A97E /* DataService.swift */; };
		8FD4A9EF235E189E006C2F0F /* ProductCell.swift in Sources */ = {isa = PBXBuildFile; fileRef = 8FD4A9EE235E189E006C2F0F /* ProductCell.swift */; };
		8FD4A9F1235E1A35006C2F0F /* Product.swift in Sources */ = {isa = PBXBuildFile; fileRef = 8FD4A9F0235E1A35006C2F0F /* Product.swift */; };
		8FD4A9F3235E387B006C2F0F /* ProductsVC.swift in Sources */ = {isa = PBXBuildFile; fileRef = 8FD4A9F2235E387B006C2F0F /* ProductsVC.swift */; };
/* End PBXBuildFile section */

/* Begin PBXFileReference section */
		8F2F5519235A493200D4A97E /* coder-swag.app */ = {isa = PBXFileReference; explicitFileType = wrapper.application; includeInIndex = 0; path = "coder-swag.app"; sourceTree = BUILT_PRODUCTS_DIR; };
		8F2F551C235A493200D4A97E /* AppDelegate.swift */ = {isa = PBXFileReference; lastKnownFileType = sourcecode.swift; path = AppDelegate.swift; sourceTree = "<group>"; };
		8F2F551E235A493200D4A97E /* SceneDelegate.swift */ = {isa = PBXFileReference; lastKnownFileType = sourcecode.swift; path = SceneDelegate.swift; sourceTree = "<group>"; };
		8F2F5520235A493200D4A97E /* CategoriesVC.swift */ = {isa = PBXFileReference; lastKnownFileType = sourcecode.swift; path = CategoriesVC.swift; sourceTree = "<group>"; };
		8F2F5523235A493200D4A97E /* Base */ = {isa = PBXFileReference; lastKnownFileType = file.storyboard; name = Base; path = Base.lproj/Main.storyboard; sourceTree = "<group>"; };
		8F2F5525235A493500D4A97E /* Assets.xcassets */ = {isa = PBXFileReference; lastKnownFileType = folder.assetcatalog; path = Assets.xcassets; sourceTree = "<group>"; };
		8F2F5528235A493500D4A97E /* Base */ = {isa = PBXFileReference; lastKnownFileType = file.storyboard; name = Base; path = Base.lproj/LaunchScreen.storyboard; sourceTree = "<group>"; };
		8F2F552A235A493500D4A97E /* Info.plist */ = {isa = PBXFileReference; lastKnownFileType = text.plist.xml; path = Info.plist; sourceTree = "<group>"; };
		8F2F5535235A664700D4A97E /* CategoryCell.swift */ = {isa = PBXFileReference; lastKnownFileType = sourcecode.swift; path = CategoryCell.swift; sourceTree = "<group>"; };
		8F2F5537235A6DB900D4A97E /* Category.swift */ = {isa = PBXFileReference; lastKnownFileType = sourcecode.swift; path = Category.swift; sourceTree = "<group>"; };
		8F2F553A235A72FB00D4A97E /* DataService.swift */ = {isa = PBXFileReference; lastKnownFileType = sourcecode.swift; path = DataService.swift; sourceTree = "<group>"; };
		8FD4A9EE235E189E006C2F0F /* ProductCell.swift */ = {isa = PBXFileReference; lastKnownFileType = sourcecode.swift; path = ProductCell.swift; sourceTree = "<group>"; };
		8FD4A9F0235E1A35006C2F0F /* Product.swift */ = {isa = PBXFileReference; lastKnownFileType = sourcecode.swift; path = Product.swift; sourceTree = "<group>"; };
		8FD4A9F2235E387B006C2F0F /* ProductsVC.swift */ = {isa = PBXFileReference; lastKnownFileType = sourcecode.swift; path = ProductsVC.swift; sourceTree = "<group>"; };
/* End PBXFileReference section */

/* Begin PBXFrameworksBuildPhase section */
		8F2F5516235A493200D4A97E /* Frameworks */ = {
			isa = PBXFrameworksBuildPhase;
			buildActionMask = 2147483647;
			files = (
			);
			runOnlyForDeploymentPostprocessing = 0;
		};
/* End PBXFrameworksBuildPhase section */

/* Begin PBXGroup section */
		8F2F5510235A493200D4A97E = {
			isa = PBXGroup;
			children = (
				8F2F551B235A493200D4A97E /* coder-swag */,
				8F2F551A235A493200D4A97E /* Products */,
			);
			sourceTree = "<group>";
		};
		8F2F551A235A493200D4A97E /* Products */ = {
			isa = PBXGroup;
			children = (
				8F2F5519235A493200D4A97E /* coder-swag.app */,
			);
			name = Products;
			sourceTree = "<group>";
		};
		8F2F551B235A493200D4A97E /* coder-swag */ = {
			isa = PBXGroup;
			children = (
				8F2F5539235A72DC00D4A97E /* Services */,
				8F2F5532235A585400D4A97E /* View */,
				8F2F5531235A584500D4A97E /* Model */,
				8F2F5530235A583800D4A97E /* Controller */,
				8F2F551C235A493200D4A97E /* AppDelegate.swift */,
				8F2F551E235A493200D4A97E /* SceneDelegate.swift */,
				8F2F5522235A493200D4A97E /* Main.storyboard */,
				8F2F5525235A493500D4A97E /* Assets.xcassets */,
				8F2F5527235A493500D4A97E /* LaunchScreen.storyboard */,
				8F2F552A235A493500D4A97E /* Info.plist */,
			);
			path = "coder-swag";
			sourceTree = "<group>";
		};
		8F2F5530235A583800D4A97E /* Controller */ = {
			isa = PBXGroup;
			children = (
				8F2F5520235A493200D4A97E /* CategoriesVC.swift */,
				8FD4A9F2235E387B006C2F0F /* ProductsVC.swift */,
			);
			path = Controller;
			sourceTree = "<group>";
		};
		8F2F5531235A584500D4A97E /* Model */ = {
			isa = PBXGroup;
			children = (
				8F2F5537235A6DB900D4A97E /* Category.swift */,
				8FD4A9F0235E1A35006C2F0F /* Product.swift */,
			);
			path = Model;
			sourceTree = "<group>";
		};
		8F2F5532235A585400D4A97E /* View */ = {
			isa = PBXGroup;
			children = (
				8F2F5535235A664700D4A97E /* CategoryCell.swift */,
				8FD4A9EE235E189E006C2F0F /* ProductCell.swift */,
			);
			path = View;
			sourceTree = "<group>";
		};
		8F2F5539235A72DC00D4A97E /* Services */ = {
			isa = PBXGroup;
			children = (
				8F2F553A235A72FB00D4A97E /* DataService.swift */,
			);
			path = Services;
			sourceTree = "<group>";
		};
/* End PBXGroup section */

/* Begin PBXNativeTarget section */
		8F2F5518235A493200D4A97E /* coder-swag */ = {
			isa = PBXNativeTarget;
			buildConfigurationList = 8F2F552D235A493500D4A97E /* Build configuration list for PBXNativeTarget "coder-swag" */;
			buildPhases = (
				8F2F5515235A493200D4A97E /* Sources */,
				8F2F5516235A493200D4A97E /* Frameworks */,
				8F2F5517235A493200D4A97E /* Resources */,
			);
			buildRules = (
			);
			dependencies = (
			);
			name = "coder-swag";
			productName = "coder-swag";
			productReference = 8F2F5519235A493200D4A97E /* coder-swag.app */;
			productType = "com.apple.product-type.application";
		};
/* End PBXNativeTarget section */

/* Begin PBXProject section */
		8F2F5511235A493200D4A97E /* Project object */ = {
			isa = PBXProject;
			attributes = {
				LastSwiftUpdateCheck = 1110;
				LastUpgradeCheck = 1110;
				ORGANIZATIONNAME = Juan;
				TargetAttributes = {
					8F2F5518235A493200D4A97E = {
						CreatedOnToolsVersion = 11.1;
					};
				};
			};
			buildConfigurationList = 8F2F5514235A493200D4A97E /* Build configuration list for PBXProject "coder-swag" */;
			compatibilityVersion = "Xcode 9.3";
			developmentRegion = en;
			hasScannedForEncodings = 0;
			knownRegions = (
				en,
				Base,
			);
			mainGroup = 8F2F5510235A493200D4A97E;
			productRefGroup = 8F2F551A235A493200D4A97E /* Products */;
			projectDirPath = "";
			projectRoot = "";
			targets = (
				8F2F5518235A493200D4A97E /* coder-swag */,
			);
		};
/* End PBXProject section */

/* Begin PBXResourcesBuildPhase section */
		8F2F5517235A493200D4A97E /* Resources */ = {
			isa = PBXResourcesBuildPhase;
			buildActionMask = 2147483647;
			files = (
				8F2F5529235A493500D4A97E /* LaunchScreen.storyboard in Resources */,
				8F2F5526235A493500D4A97E /* Assets.xcassets in Resources */,
				8F2F5524235A493200D4A97E /* Main.storyboard in Resources */,
			);
			runOnlyForDeploymentPostprocessing = 0;
		};
/* End PBXResourcesBuildPhase section */

/* Begin PBXSourcesBuildPhase section */
		8F2F5515235A493200D4A97E /* Sources */ = {
			isa = PBXSourcesBuildPhase;
			buildActionMask = 2147483647;
			files = (
				8F2F5521235A493200D4A97E /* CategoriesVC.swift in Sources */,
				8FD4A9F1235E1A35006C2F0F /* Product.swift in Sources */,
				8F2F5538235A6DB900D4A97E /* Category.swift in Sources */,
				8F2F551D235A493200D4A97E /* AppDelegate.swift in Sources */,
				8F2F553B235A72FB00D4A97E /* DataService.swift in Sources */,
				8F2F551F235A493200D4A97E /* SceneDelegate.swift in Sources */,
				8FD4A9EF235E189E006C2F0F /* ProductCell.swift in Sources */,
				8F2F5536235A664700D4A97E /* CategoryCell.swift in Sources */,
				8FD4A9F3235E387B006C2F0F /* ProductsVC.swift in Sources */,
			);
			runOnlyForDeploymentPostprocessing = 0;
		};
/* End PBXSourcesBuildPhase section */

/* Begin PBXVariantGroup section */
		8F2F5522235A493200D4A97E /* Main.storyboard */ = {
			isa = PBXVariantGroup;
			children = (
				8F2F5523235A493200D4A97E /* Base */,
			);
			name = Main.storyboard;
			sourceTree = "<group>";
		};
		8F2F5527235A493500D4A97E /* LaunchScreen.storyboard */ = {
			isa = PBXVariantGroup;
			children = (
				8F2F5528235A493500D4A97E /* Base */,
			);
			name = LaunchScreen.storyboard;
			sourceTree = "<group>";
		};
/* End PBXVariantGroup section */

/* Begin XCBuildConfiguration section */
		8F2F552B235A493500D4A97E /* Debug */ = {
			isa = XCBuildConfiguration;
			buildSettings = {
				ALWAYS_SEARCH_USER_PATHS = NO;
				CLANG_ANALYZER_NONNULL = YES;
				CLANG_ANALYZER_NUMBER_OBJECT_CONVERSION = YES_AGGRESSIVE;
				CLANG_CXX_LANGUAGE_STANDARD = "gnu++14";
				CLANG_CXX_LIBRARY = "libc++";
				CLANG_ENABLE_MODULES = YES;
				CLANG_ENABLE_OBJC_ARC = YES;
				CLANG_ENABLE_OBJC_WEAK = YES;
				CLANG_WARN_BLOCK_CAPTURE_AUTORELEASING = YES;
				CLANG_WARN_BOOL_CONVERSION = YES;
				CLANG_WARN_COMMA = YES;
				CLANG_WARN_CONSTANT_CONVERSION = YES;
				CLANG_WARN_DEPRECATED_OBJC_IMPLEMENTATIONS = YES;
				CLANG_WARN_DIRECT_OBJC_ISA_USAGE = YES_ERROR;
				CLANG_WARN_DOCUMENTATION_COMMENTS = YES;
				CLANG_WARN_EMPTY_BODY = YES;
				CLANG_WARN_ENUM_CONVERSION = YES;
				CLANG_WARN_INFINITE_RECURSION = YES;
				CLANG_WARN_INT_CONVERSION = YES;
				CLANG_WARN_NON_LITERAL_NULL_CONVERSION = YES;
				CLANG_WARN_OBJC_IMPLICIT_RETAIN_SELF = YES;
				CLANG_WARN_OBJC_LITERAL_CONVERSION = YES;
				CLANG_WARN_OBJC_ROOT_CLASS = YES_ERROR;
				CLANG_WARN_RANGE_LOOP_ANALYSIS = YES;
				CLANG_WARN_STRICT_PROTOTYPES = YES;
				CLANG_WARN_SUSPICIOUS_MOVE = YES;
				CLANG_WARN_UNGUARDED_AVAILABILITY = YES_AGGRESSIVE;
				CLANG_WARN_UNREACHABLE_CODE = YES;
				CLANG_WARN__DUPLICATE_METHOD_MATCH = YES;
				COPY_PHASE_STRIP = NO;
				DEBUG_INFORMATION_FORMAT = dwarf;
				ENABLE_STRICT_OBJC_MSGSEND = YES;
				ENABLE_TESTABILITY = YES;
				GCC_C_LANGUAGE_STANDARD = gnu11;
				GCC_DYNAMIC_NO_PIC = NO;
				GCC_NO_COMMON_BLOCKS = YES;
				GCC_OPTIMIZATION_LEVEL = 0;
				GCC_PREPROCESSOR_DEFINITIONS = (
					"DEBUG=1",
					"$(inherited)",
				);
				GCC_WARN_64_TO_32_BIT_CONVERSION = YES;
				GCC_WARN_ABOUT_RETURN_TYPE = YES_ERROR;
				GCC_WARN_UNDECLARED_SELECTOR = YES;
				GCC_WARN_UNINITIALIZED_AUTOS = YES_AGGRESSIVE;
				GCC_WARN_UNUSED_FUNCTION = YES;
				GCC_WARN_UNUSED_VARIABLE = YES;
				IPHONEOS_DEPLOYMENT_TARGET = 13.1;
				MTL_ENABLE_DEBUG_INFO = INCLUDE_SOURCE;
				MTL_FAST_MATH = YES;
				ONLY_ACTIVE_ARCH = YES;
				SDKROOT = iphoneos;
				SWIFT_ACTIVE_COMPILATION_CONDITIONS = DEBUG;
				SWIFT_OPTIMIZATION_LEVEL = "-Onone";
			};
			name = Debug;
		};
		8F2F552C235A493500D4A97E /* Release */ = {
			isa = XCBuildConfiguration;
			buildSettings = {
				ALWAYS_SEARCH_USER_PATHS = NO;
				CLANG_ANALYZER_NONNULL = YES;
				CLANG_ANALYZER_NUMBER_OBJECT_CONVERSION = YES_AGGRESSIVE;
				CLANG_CXX_LANGUAGE_STANDARD = "gnu++14";
				CLANG_CXX_LIBRARY = "libc++";
				CLANG_ENABLE_MODULES = YES;
				CLANG_ENABLE_OBJC_ARC = YES;
				CLANG_ENABLE_OBJC_WEAK = YES;
				CLANG_WARN_BLOCK_CAPTURE_AUTORELEASING = YES;
				CLANG_WARN_BOOL_CONVERSION = YES;
				CLANG_WARN_COMMA = YES;
				CLANG_WARN_CONSTANT_CONVERSION = YES;
				CLANG_WARN_DEPRECATED_OBJC_IMPLEMENTATIONS = YES;
				CLANG_WARN_DIRECT_OBJC_ISA_USAGE = YES_ERROR;
				CLANG_WARN_DOCUMENTATION_COMMENTS = YES;
				CLANG_WARN_EMPTY_BODY = YES;
				CLANG_WARN_ENUM_CONVERSION = YES;
				CLANG_WARN_INFINITE_RECURSION = YES;
				CLANG_WARN_INT_CONVERSION = YES;
				CLANG_WARN_NON_LITERAL_NULL_CONVERSION = YES;
				CLANG_WARN_OBJC_IMPLICIT_RETAIN_SELF = YES;
				CLANG_WARN_OBJC_LITERAL_CONVERSION = YES;
				CLANG_WARN_OBJC_ROOT_CLASS = YES_ERROR;
				CLANG_WARN_RANGE_LOOP_ANALYSIS = YES;
				CLANG_WARN_STRICT_PROTOTYPES = YES;
				CLANG_WARN_SUSPICIOUS_MOVE = YES;
				CLANG_WARN_UNGUARDED_AVAILABILITY = YES_AGGRESSIVE;
				CLANG_WARN_UNREACHABLE_CODE = YES;
				CLANG_WARN__DUPLICATE_METHOD_MATCH = YES;
				COPY_PHASE_STRIP = NO;
				DEBUG_INFORMATION_FORMAT = "dwarf-with-dsym";
				ENABLE_NS_ASSERTIONS = NO;
				ENABLE_STRICT_OBJC_MSGSEND = YES;
				GCC_C_LANGUAGE_STANDARD = gnu11;
				GCC_NO_COMMON_BLOCKS = YES;
				GCC_WARN_64_TO_32_BIT_CONVERSION = YES;
				GCC_WARN_ABOUT_RETURN_TYPE = YES_ERROR;
				GCC_WARN_UNDECLARED_SELECTOR = YES;
				GCC_WARN_UNINITIALIZED_AUTOS = YES_AGGRESSIVE;
				GCC_WARN_UNUSED_FUNCTION = YES;
				GCC_WARN_UNUSED_VARIABLE = YES;
				IPHONEOS_DEPLOYMENT_TARGET = 13.1;
				MTL_ENABLE_DEBUG_INFO = NO;
				MTL_FAST_MATH = YES;
				SDKROOT = iphoneos;
				SWIFT_COMPILATION_MODE = wholemodule;
				SWIFT_OPTIMIZATION_LEVEL = "-O";
				VALIDATE_PRODUCT = YES;
			};
			name = Release;
		};
		8F2F552E235A493500D4A97E /* Debug */ = {
			isa = XCBuildConfiguration;
			buildSettings = {
				ASSETCATALOG_COMPILER_APPICON_NAME = AppIcon;
				CODE_SIGN_STYLE = Automatic;
				INFOPLIST_FILE = "coder-swag/Info.plist";
				LD_RUNPATH_SEARCH_PATHS = (
					"$(inherited)",
					"@executable_path/Frameworks",
				);
				PRODUCT_BUNDLE_IDENTIFIER = "Juansecu.coder-swag";
				PRODUCT_NAME = "$(TARGET_NAME)";
				SWIFT_VERSION = 5.0;
				TARGETED_DEVICE_FAMILY = "1,2";
			};
			name = Debug;
		};
		8F2F552F235A493500D4A97E /* Release */ = {
			isa = XCBuildConfiguration;
			buildSettings = {
				ASSETCATALOG_COMPILER_APPICON_NAME = AppIcon;
				CODE_SIGN_STYLE = Automatic;
				INFOPLIST_FILE = "coder-swag/Info.plist";
				LD_RUNPATH_SEARCH_PATHS = (
					"$(inherited)",
					"@executable_path/Frameworks",
				);
				PRODUCT_BUNDLE_IDENTIFIER = "Juansecu.coder-swag";
				PRODUCT_NAME = "$(TARGET_NAME)";
				SWIFT_VERSION = 5.0;
				TARGETED_DEVICE_FAMILY = "1,2";
			};
			name = Release;
		};
/* End XCBuildConfiguration section */

/* Begin XCConfigurationList section */
		8F2F5514235A493200D4A97E /* Build configuration list for PBXProject "coder-swag" */ = {
			isa = XCConfigurationList;
			buildConfigurations = (
				8F2F552B235A493500D4A97E /* Debug */,
				8F2F552C235A493500D4A97E /* Release */,
			);
			defaultConfigurationIsVisible = 0;
			defaultConfigurationName = Release;
		};
		8F2F552D235A493500D4A97E /* Build configuration list for PBXNativeTarget "coder-swag" */ = {
			isa = XCConfigurationList;
			buildConfigurations = (
				8F2F552E235A493500D4A97E /* Debug */,
				8F2F552F235A493500D4A97E /* Release */,
			);
			defaultConfigurationIsVisible = 0;
			defaultConfigurationName = Release;
		};
/* End XCConfigurationList section */
	};
	rootObject = 8F2F5511235A493200D4A97E /* Project object */;
}
